// !$*UTF8*$!
{
	archiveVersion = 1;
	classes = {
	};
	objectVersion = 56;
	objects = {

/* Begin PBXBuildFile section */
		C7F3A0792A38C639001A3D8A /* AsyncAwaitExampleApp.swift in Sources */ = {isa = PBXBuildFile; fileRef = C7F3A0782A38C639001A3D8A /* AsyncAwaitExampleApp.swift */; };
		C7F3A07B2A38C639001A3D8A /* ContentView.swift in Sources */ = {isa = PBXBuildFile; fileRef = C7F3A07A2A38C639001A3D8A /* ContentView.swift */; };
		C7F3A07D2A38C63B001A3D8A /* Assets.xcassets in Resources */ = {isa = PBXBuildFile; fileRef = C7F3A07C2A38C63B001A3D8A /* Assets.xcassets */; };
		C7F3A0802A38C63B001A3D8A /* Preview Assets.xcassets in Resources */ = {isa = PBXBuildFile; fileRef = C7F3A07F2A38C63B001A3D8A /* Preview Assets.xcassets */; };
		C7F3A0872A3B451B001A3D8A /* WebService.swift in Sources */ = {isa = PBXBuildFile; fileRef = C7F3A0862A3B451B001A3D8A /* WebService.swift */; };
		C7F3A0892A3B48A0001A3D8A /* CurrentDateListViewModel.swift in Sources */ = {isa = PBXBuildFile; fileRef = C7F3A0882A3B48A0001A3D8A /* CurrentDateListViewModel.swift */; };
		C7F3A08B2A3B4BBA001A3D8A /* CurrentDate.swift in Sources */ = {isa = PBXBuildFile; fileRef = C7F3A08A2A3B4BBA001A3D8A /* CurrentDate.swift */; };
		C7F3A0A32A42EDE4001A3D8A /* Constants.swift in Sources */ = {isa = PBXBuildFile; fileRef = C7F3A0A22A42EDE4001A3D8A /* Constants.swift */; };
		C7F3A0A62A42EE33001A3D8A /* NewsArticle.swift in Sources */ = {isa = PBXBuildFile; fileRef = C7F3A0A52A42EE33001A3D8A /* NewsArticle.swift */; };
		C7F3A0A82A42EE40001A3D8A /* NewsSource.swift in Sources */ = {isa = PBXBuildFile; fileRef = C7F3A0A72A42EE40001A3D8A /* NewsSource.swift */; };
		C7F3A0AB2A42EE7B001A3D8A /* NewsWebService.swift in Sources */ = {isa = PBXBuildFile; fileRef = C7F3A0AA2A42EE7B001A3D8A /* NewsWebService.swift */; };
		C7F3A0AD2A42EECA001A3D8A /* NewsArticleListViewModel.swift in Sources */ = {isa = PBXBuildFile; fileRef = C7F3A0AC2A42EECA001A3D8A /* NewsArticleListViewModel.swift */; };
		C7F3A0AF2A42EED5001A3D8A /* NewsSourceListViewModel.swift in Sources */ = {isa = PBXBuildFile; fileRef = C7F3A0AE2A42EED5001A3D8A /* NewsSourceListViewModel.swift */; };
		C7F3A0B12A42EEFF001A3D8A /* NewsListView.swift in Sources */ = {isa = PBXBuildFile; fileRef = C7F3A0B02A42EEFF001A3D8A /* NewsListView.swift */; };
		C7F3A0B32A42EF09001A3D8A /* NewsSourceListView.swift in Sources */ = {isa = PBXBuildFile; fileRef = C7F3A0B22A42EF09001A3D8A /* NewsSourceListView.swift */; };
		C7F3A0CC2A45B7DC001A3D8A /* RandomWebService.swift in Sources */ = {isa = PBXBuildFile; fileRef = C7F3A0CB2A45B7DC001A3D8A /* RandomWebService.swift */; };
		C7F3A0CE2A45B801001A3D8A /* RandomImage.swift in Sources */ = {isa = PBXBuildFile; fileRef = C7F3A0CD2A45B801001A3D8A /* RandomImage.swift */; };
		C7F3A0D12A45B81F001A3D8A /* RandomConstants.swift in Sources */ = {isa = PBXBuildFile; fileRef = C7F3A0D02A45B81F001A3D8A /* RandomConstants.swift */; };
		C7F3A0D42A45BA27001A3D8A /* RandomViewModel.swift in Sources */ = {isa = PBXBuildFile; fileRef = C7F3A0D32A45BA27001A3D8A /* RandomViewModel.swift */; };
		C7F3A0D72A45BC4E001A3D8A /* RandomImageView.swift in Sources */ = {isa = PBXBuildFile; fileRef = C7F3A0D62A45BC4E001A3D8A /* RandomImageView.swift */; };
/* End PBXBuildFile section */

/* Begin PBXFileReference section */
		C7A146212A7A874A003DFABC /* AsyncSequencePlayground.playground */ = {isa = PBXFileReference; lastKnownFileType = file.playground; path = AsyncSequencePlayground.playground; sourceTree = "<group>"; xcLanguageSpecificationIdentifier = xcode.lang.swift; };
		C7F3A0752A38C639001A3D8A /* AsyncAwaitExample.app */ = {isa = PBXFileReference; explicitFileType = wrapper.application; includeInIndex = 0; path = AsyncAwaitExample.app; sourceTree = BUILT_PRODUCTS_DIR; };
		C7F3A0782A38C639001A3D8A /* AsyncAwaitExampleApp.swift */ = {isa = PBXFileReference; lastKnownFileType = sourcecode.swift; path = AsyncAwaitExampleApp.swift; sourceTree = "<group>"; };
		C7F3A07A2A38C639001A3D8A /* ContentView.swift */ = {isa = PBXFileReference; lastKnownFileType = sourcecode.swift; path = ContentView.swift; sourceTree = "<group>"; };
		C7F3A07C2A38C63B001A3D8A /* Assets.xcassets */ = {isa = PBXFileReference; lastKnownFileType = folder.assetcatalog; path = Assets.xcassets; sourceTree = "<group>"; };
		C7F3A07F2A38C63B001A3D8A /* Preview Assets.xcassets */ = {isa = PBXFileReference; lastKnownFileType = folder.assetcatalog; path = "Preview Assets.xcassets"; sourceTree = "<group>"; };
		C7F3A0862A3B451B001A3D8A /* WebService.swift */ = {isa = PBXFileReference; lastKnownFileType = sourcecode.swift; path = WebService.swift; sourceTree = "<group>"; };
		C7F3A0882A3B48A0001A3D8A /* CurrentDateListViewModel.swift */ = {isa = PBXFileReference; lastKnownFileType = sourcecode.swift; path = CurrentDateListViewModel.swift; sourceTree = "<group>"; };
		C7F3A08A2A3B4BBA001A3D8A /* CurrentDate.swift */ = {isa = PBXFileReference; lastKnownFileType = sourcecode.swift; path = CurrentDate.swift; sourceTree = "<group>"; };
		C7F3A0902A3B4F68001A3D8A /* ContinuationPlayground.playground */ = {isa = PBXFileReference; lastKnownFileType = file.playground; path = ContinuationPlayground.playground; sourceTree = "<group>"; xcLanguageSpecificationIdentifier = xcode.lang.swift; };
		C7F3A0A22A42EDE4001A3D8A /* Constants.swift */ = {isa = PBXFileReference; fileEncoding = 4; lastKnownFileType = sourcecode.swift; path = Constants.swift; sourceTree = "<group>"; };
		C7F3A0A52A42EE33001A3D8A /* NewsArticle.swift */ = {isa = PBXFileReference; lastKnownFileType = sourcecode.swift; path = NewsArticle.swift; sourceTree = "<group>"; };
		C7F3A0A72A42EE40001A3D8A /* NewsSource.swift */ = {isa = PBXFileReference; lastKnownFileType = sourcecode.swift; path = NewsSource.swift; sourceTree = "<group>"; };
		C7F3A0AA2A42EE7B001A3D8A /* NewsWebService.swift */ = {isa = PBXFileReference; lastKnownFileType = sourcecode.swift; path = NewsWebService.swift; sourceTree = "<group>"; };
		C7F3A0AC2A42EECA001A3D8A /* NewsArticleListViewModel.swift */ = {isa = PBXFileReference; lastKnownFileType = sourcecode.swift; path = NewsArticleListViewModel.swift; sourceTree = "<group>"; };
		C7F3A0AE2A42EED5001A3D8A /* NewsSourceListViewModel.swift */ = {isa = PBXFileReference; lastKnownFileType = sourcecode.swift; path = NewsSourceListViewModel.swift; sourceTree = "<group>"; };
		C7F3A0B02A42EEFF001A3D8A /* NewsListView.swift */ = {isa = PBXFileReference; lastKnownFileType = sourcecode.swift; path = NewsListView.swift; sourceTree = "<group>"; };
		C7F3A0B22A42EF09001A3D8A /* NewsSourceListView.swift */ = {isa = PBXFileReference; lastKnownFileType = sourcecode.swift; path = NewsSourceListView.swift; sourceTree = "<group>"; };
		C7F3A0B42A43732C001A3D8A /* Concurrency-Tasks.playground */ = {isa = PBXFileReference; lastKnownFileType = file.playground; path = "Concurrency-Tasks.playground"; sourceTree = "<group>"; xcLanguageSpecificationIdentifier = xcode.lang.swift; };
		C7F3A0CB2A45B7DC001A3D8A /* RandomWebService.swift */ = {isa = PBXFileReference; lastKnownFileType = sourcecode.swift; path = RandomWebService.swift; sourceTree = "<group>"; };
		C7F3A0CD2A45B801001A3D8A /* RandomImage.swift */ = {isa = PBXFileReference; lastKnownFileType = sourcecode.swift; path = RandomImage.swift; sourceTree = "<group>"; };
		C7F3A0D02A45B81F001A3D8A /* RandomConstants.swift */ = {isa = PBXFileReference; lastKnownFileType = sourcecode.swift; path = RandomConstants.swift; sourceTree = "<group>"; };
		C7F3A0D32A45BA27001A3D8A /* RandomViewModel.swift */ = {isa = PBXFileReference; lastKnownFileType = sourcecode.swift; path = RandomViewModel.swift; sourceTree = "<group>"; };
		C7F3A0D62A45BC4E001A3D8A /* RandomImageView.swift */ = {isa = PBXFileReference; lastKnownFileType = sourcecode.swift; path = RandomImageView.swift; sourceTree = "<group>"; };
/* End PBXFileReference section */

/* Begin PBXFrameworksBuildPhase section */
		C7F3A0722A38C639001A3D8A /* Frameworks */ = {
			isa = PBXFrameworksBuildPhase;
			buildActionMask = 2147483647;
			files = (
			);
			runOnlyForDeploymentPostprocessing = 0;
		};
/* End PBXFrameworksBuildPhase section */

/* Begin PBXGroup section */
		C7F3A06C2A38C639001A3D8A = {
			isa = PBXGroup;
			children = (
				C7F3A0772A38C639001A3D8A /* AsyncAwaitExample */,
				C7F3A0762A38C639001A3D8A /* Products */,
			);
			sourceTree = "<group>";
		};
		C7F3A0762A38C639001A3D8A /* Products */ = {
			isa = PBXGroup;
			children = (
				C7F3A0752A38C639001A3D8A /* AsyncAwaitExample.app */,
			);
			name = Products;
			sourceTree = "<group>";
		};
		C7F3A0772A38C639001A3D8A /* AsyncAwaitExample */ = {
			isa = PBXGroup;
			children = (
				C7A146212A7A874A003DFABC /* AsyncSequencePlayground.playground */,
				C7F3A0C02A45B780001A3D8A /* RandomQuoteAndImages */,
				C7F3A0B42A43732C001A3D8A /* Concurrency-Tasks.playground */,
				C7F3A0912A42ED78001A3D8A /* NewsApp */,
				C7F3A0902A3B4F68001A3D8A /* ContinuationPlayground.playground */,
				C7F3A08C2A3B4BC6001A3D8A /* Example-CurrentDate */,
				C7F3A0782A38C639001A3D8A /* AsyncAwaitExampleApp.swift */,
				C7F3A07C2A38C63B001A3D8A /* Assets.xcassets */,
				C7F3A07E2A38C63B001A3D8A /* Preview Content */,
			);
			path = AsyncAwaitExample;
			sourceTree = "<group>";
		};
		C7F3A07E2A38C63B001A3D8A /* Preview Content */ = {
			isa = PBXGroup;
			children = (
				C7F3A07F2A38C63B001A3D8A /* Preview Assets.xcassets */,
			);
			path = "Preview Content";
			sourceTree = "<group>";
		};
		C7F3A08C2A3B4BC6001A3D8A /* Example-CurrentDate */ = {
			isa = PBXGroup;
			children = (
				C7F3A0862A3B451B001A3D8A /* WebService.swift */,
				C7F3A08D2A3B4BD1001A3D8A /* Model */,
				C7F3A08F2A3B4BDD001A3D8A /* ViewModel */,
				C7F3A08E2A3B4BD7001A3D8A /* View */,
			);
			path = "Example-CurrentDate";
			sourceTree = "<group>";
		};
		C7F3A08D2A3B4BD1001A3D8A /* Model */ = {
			isa = PBXGroup;
			children = (
				C7F3A08A2A3B4BBA001A3D8A /* CurrentDate.swift */,
			);
			path = Model;
			sourceTree = "<group>";
		};
		C7F3A08E2A3B4BD7001A3D8A /* View */ = {
			isa = PBXGroup;
			children = (
				C7F3A07A2A38C639001A3D8A /* ContentView.swift */,
			);
			path = View;
			sourceTree = "<group>";
		};
		C7F3A08F2A3B4BDD001A3D8A /* ViewModel */ = {
			isa = PBXGroup;
			children = (
				C7F3A0882A3B48A0001A3D8A /* CurrentDateListViewModel.swift */,
			);
			path = ViewModel;
			sourceTree = "<group>";
		};
		C7F3A0912A42ED78001A3D8A /* NewsApp */ = {
			isa = PBXGroup;
			children = (
				C7F3A0A12A42EDD9001A3D8A /* Utils */,
				C7F3A0A92A42EE6A001A3D8A /* Service */,
				C7F3A0A42A42EE20001A3D8A /* Model */,
				C7F3A0A02A42EDD2001A3D8A /* ViewModel */,
				C7F3A09F2A42EDCB001A3D8A /* View */,
			);
			path = NewsApp;
			sourceTree = "<group>";
		};
		C7F3A09F2A42EDCB001A3D8A /* View */ = {
			isa = PBXGroup;
			children = (
				C7F3A0B02A42EEFF001A3D8A /* NewsListView.swift */,
				C7F3A0B22A42EF09001A3D8A /* NewsSourceListView.swift */,
			);
			path = View;
			sourceTree = "<group>";
		};
		C7F3A0A02A42EDD2001A3D8A /* ViewModel */ = {
			isa = PBXGroup;
			children = (
				C7F3A0AC2A42EECA001A3D8A /* NewsArticleListViewModel.swift */,
				C7F3A0AE2A42EED5001A3D8A /* NewsSourceListViewModel.swift */,
			);
			path = ViewModel;
			sourceTree = "<group>";
		};
		C7F3A0A12A42EDD9001A3D8A /* Utils */ = {
			isa = PBXGroup;
			children = (
				C7F3A0A22A42EDE4001A3D8A /* Constants.swift */,
			);
			path = Utils;
			sourceTree = "<group>";
		};
		C7F3A0A42A42EE20001A3D8A /* Model */ = {
			isa = PBXGroup;
			children = (
				C7F3A0A52A42EE33001A3D8A /* NewsArticle.swift */,
				C7F3A0A72A42EE40001A3D8A /* NewsSource.swift */,
			);
			path = Model;
			sourceTree = "<group>";
		};
		C7F3A0A92A42EE6A001A3D8A /* Service */ = {
			isa = PBXGroup;
			children = (
				C7F3A0AA2A42EE7B001A3D8A /* NewsWebService.swift */,
			);
			path = Service;
			sourceTree = "<group>";
		};
		C7F3A0C02A45B780001A3D8A /* RandomQuoteAndImages */ = {
			isa = PBXGroup;
			children = (
				C7F3A0D52A45BC2A001A3D8A /* View */,
				C7F3A0C92A45B7AA001A3D8A /* Model-Random */,
				C7F3A0D22A45BA12001A3D8A /* ViewModel-Random */,
				C7F3A0CF2A45B80D001A3D8A /* Utils-Random */,
				C7F3A0CA2A45B7B1001A3D8A /* Service-Random */,
			);
			path = RandomQuoteAndImages;
			sourceTree = "<group>";
		};
		C7F3A0C92A45B7AA001A3D8A /* Model-Random */ = {
			isa = PBXGroup;
			children = (
				C7F3A0CD2A45B801001A3D8A /* RandomImage.swift */,
			);
			path = "Model-Random";
			sourceTree = "<group>";
		};
		C7F3A0CA2A45B7B1001A3D8A /* Service-Random */ = {
			isa = PBXGroup;
			children = (
				C7F3A0CB2A45B7DC001A3D8A /* RandomWebService.swift */,
			);
			path = "Service-Random";
			sourceTree = "<group>";
		};
		C7F3A0CF2A45B80D001A3D8A /* Utils-Random */ = {
			isa = PBXGroup;
			children = (
				C7F3A0D02A45B81F001A3D8A /* RandomConstants.swift */,
			);
			path = "Utils-Random";
			sourceTree = "<group>";
		};
		C7F3A0D22A45BA12001A3D8A /* ViewModel-Random */ = {
			isa = PBXGroup;
			children = (
				C7F3A0D32A45BA27001A3D8A /* RandomViewModel.swift */,
			);
			path = "ViewModel-Random";
			sourceTree = "<group>";
		};
		C7F3A0D52A45BC2A001A3D8A /* View */ = {
			isa = PBXGroup;
			children = (
				C7F3A0D62A45BC4E001A3D8A /* RandomImageView.swift */,
			);
			path = View;
			sourceTree = "<group>";
		};
/* End PBXGroup section */

/* Begin PBXNativeTarget section */
		C7F3A0742A38C639001A3D8A /* AsyncAwaitExample */ = {
			isa = PBXNativeTarget;
			buildConfigurationList = C7F3A0832A38C63B001A3D8A /* Build configuration list for PBXNativeTarget "AsyncAwaitExample" */;
			buildPhases = (
				C7F3A0712A38C639001A3D8A /* Sources */,
				C7F3A0722A38C639001A3D8A /* Frameworks */,
				C7F3A0732A38C639001A3D8A /* Resources */,
			);
			buildRules = (
			);
			dependencies = (
			);
			name = AsyncAwaitExample;
			productName = AsyncAwaitExample;
			productReference = C7F3A0752A38C639001A3D8A /* AsyncAwaitExample.app */;
			productType = "com.apple.product-type.application";
		};
/* End PBXNativeTarget section */

/* Begin PBXProject section */
		C7F3A06D2A38C639001A3D8A /* Project object */ = {
			isa = PBXProject;
			attributes = {
				BuildIndependentTargetsInParallel = 1;
				LastSwiftUpdateCheck = 1420;
				LastUpgradeCheck = 1420;
				TargetAttributes = {
					C7F3A0742A38C639001A3D8A = {
						CreatedOnToolsVersion = 14.2;
					};
				};
			};
			buildConfigurationList = C7F3A0702A38C639001A3D8A /* Build configuration list for PBXProject "AsyncAwaitExample" */;
			compatibilityVersion = "Xcode 14.0";
			developmentRegion = en;
			hasScannedForEncodings = 0;
			knownRegions = (
				en,
				Base,
			);
			mainGroup = C7F3A06C2A38C639001A3D8A;
			productRefGroup = C7F3A0762A38C639001A3D8A /* Products */;
			projectDirPath = "";
			projectRoot = "";
			targets = (
				C7F3A0742A38C639001A3D8A /* AsyncAwaitExample */,
			);
		};
/* End PBXProject section */

/* Begin PBXResourcesBuildPhase section */
		C7F3A0732A38C639001A3D8A /* Resources */ = {
			isa = PBXResourcesBuildPhase;
			buildActionMask = 2147483647;
			files = (
				C7F3A0802A38C63B001A3D8A /* Preview Assets.xcassets in Resources */,
				C7F3A07D2A38C63B001A3D8A /* Assets.xcassets in Resources */,
			);
			runOnlyForDeploymentPostprocessing = 0;
		};
/* End PBXResourcesBuildPhase section */

/* Begin PBXSourcesBuildPhase section */
		C7F3A0712A38C639001A3D8A /* Sources */ = {
			isa = PBXSourcesBuildPhase;
			buildActionMask = 2147483647;
			files = (
				C7F3A0D42A45BA27001A3D8A /* RandomViewModel.swift in Sources */,
				C7F3A0AD2A42EECA001A3D8A /* NewsArticleListViewModel.swift in Sources */,
				C7F3A0B32A42EF09001A3D8A /* NewsSourceListView.swift in Sources */,
				C7F3A0B12A42EEFF001A3D8A /* NewsListView.swift in Sources */,
				C7F3A0872A3B451B001A3D8A /* WebService.swift in Sources */,
				C7F3A0CE2A45B801001A3D8A /* RandomImage.swift in Sources */,
				C7F3A07B2A38C639001A3D8A /* ContentView.swift in Sources */,
				C7F3A0CC2A45B7DC001A3D8A /* RandomWebService.swift in Sources */,
				C7F3A0D12A45B81F001A3D8A /* RandomConstants.swift in Sources */,
				C7F3A0892A3B48A0001A3D8A /* CurrentDateListViewModel.swift in Sources */,
				C7F3A0A32A42EDE4001A3D8A /* Constants.swift in Sources */,
				C7F3A0A62A42EE33001A3D8A /* NewsArticle.swift in Sources */,
				C7F3A08B2A3B4BBA001A3D8A /* CurrentDate.swift in Sources */,
				C7F3A0792A38C639001A3D8A /* AsyncAwaitExampleApp.swift in Sources */,
				C7F3A0AB2A42EE7B001A3D8A /* NewsWebService.swift in Sources */,
				C7F3A0AF2A42EED5001A3D8A /* NewsSourceListViewModel.swift in Sources */,
				C7F3A0A82A42EE40001A3D8A /* NewsSource.swift in Sources */,
				C7F3A0D72A45BC4E001A3D8A /* RandomImageView.swift in Sources */,
			);
			runOnlyForDeploymentPostprocessing = 0;
		};
/* End PBXSourcesBuildPhase section */

/* Begin XCBuildConfiguration section */
		C7F3A0812A38C63B001A3D8A /* Debug */ = {
			isa = XCBuildConfiguration;
			buildSettings = {
				ALWAYS_SEARCH_USER_PATHS = NO;
				CLANG_ANALYZER_NONNULL = YES;
				CLANG_ANALYZER_NUMBER_OBJECT_CONVERSION = YES_AGGRESSIVE;
				CLANG_CXX_LANGUAGE_STANDARD = "gnu++20";
				CLANG_ENABLE_MODULES = YES;
				CLANG_ENABLE_OBJC_ARC = YES;
				CLANG_ENABLE_OBJC_WEAK = YES;
				CLANG_WARN_BLOCK_CAPTURE_AUTORELEASING = YES;
				CLANG_WARN_BOOL_CONVERSION = YES;
				CLANG_WARN_COMMA = YES;
				CLANG_WARN_CONSTANT_CONVERSION = YES;
				CLANG_WARN_DEPRECATED_OBJC_IMPLEMENTATIONS = YES;
				CLANG_WARN_DIRECT_OBJC_ISA_USAGE = YES_ERROR;
				CLANG_WARN_DOCUMENTATION_COMMENTS = YES;
				CLANG_WARN_EMPTY_BODY = YES;
				CLANG_WARN_ENUM_CONVERSION = YES;
				CLANG_WARN_INFINITE_RECURSION = YES;
				CLANG_WARN_INT_CONVERSION = YES;
				CLANG_WARN_NON_LITERAL_NULL_CONVERSION = YES;
				CLANG_WARN_OBJC_IMPLICIT_RETAIN_SELF = YES;
				CLANG_WARN_OBJC_LITERAL_CONVERSION = YES;
				CLANG_WARN_OBJC_ROOT_CLASS = YES_ERROR;
				CLANG_WARN_QUOTED_INCLUDE_IN_FRAMEWORK_HEADER = YES;
				CLANG_WARN_RANGE_LOOP_ANALYSIS = YES;
				CLANG_WARN_STRICT_PROTOTYPES = YES;
				CLANG_WARN_SUSPICIOUS_MOVE = YES;
				CLANG_WARN_UNGUARDED_AVAILABILITY = YES_AGGRESSIVE;
				CLANG_WARN_UNREACHABLE_CODE = YES;
				CLANG_WARN__DUPLICATE_METHOD_MATCH = YES;
				COPY_PHASE_STRIP = NO;
				DEBUG_INFORMATION_FORMAT = dwarf;
				ENABLE_STRICT_OBJC_MSGSEND = YES;
				ENABLE_TESTABILITY = YES;
				GCC_C_LANGUAGE_STANDARD = gnu11;
				GCC_DYNAMIC_NO_PIC = NO;
				GCC_NO_COMMON_BLOCKS = YES;
				GCC_OPTIMIZATION_LEVEL = 0;
				GCC_PREPROCESSOR_DEFINITIONS = (
					"DEBUG=1",
					"$(inherited)",
				);
				GCC_WARN_64_TO_32_BIT_CONVERSION = YES;
				GCC_WARN_ABOUT_RETURN_TYPE = YES_ERROR;
				GCC_WARN_UNDECLARED_SELECTOR = YES;
				GCC_WARN_UNINITIALIZED_AUTOS = YES_AGGRESSIVE;
				GCC_WARN_UNUSED_FUNCTION = YES;
				GCC_WARN_UNUSED_VARIABLE = YES;
				IPHONEOS_DEPLOYMENT_TARGET = 16.2;
				MTL_ENABLE_DEBUG_INFO = INCLUDE_SOURCE;
				MTL_FAST_MATH = YES;
				ONLY_ACTIVE_ARCH = YES;
				SDKROOT = iphoneos;
				SWIFT_ACTIVE_COMPILATION_CONDITIONS = DEBUG;
				SWIFT_OPTIMIZATION_LEVEL = "-Onone";
			};
			name = Debug;
		};
		C7F3A0822A38C63B001A3D8A /* Release */ = {
			isa = XCBuildConfiguration;
			buildSettings = {
				ALWAYS_SEARCH_USER_PATHS = NO;
				CLANG_ANALYZER_NONNULL = YES;
				CLANG_ANALYZER_NUMBER_OBJECT_CONVERSION = YES_AGGRESSIVE;
				CLANG_CXX_LANGUAGE_STANDARD = "gnu++20";
				CLANG_ENABLE_MODULES = YES;
				CLANG_ENABLE_OBJC_ARC = YES;
				CLANG_ENABLE_OBJC_WEAK = YES;
				CLANG_WARN_BLOCK_CAPTURE_AUTORELEASING = YES;
				CLANG_WARN_BOOL_CONVERSION = YES;
				CLANG_WARN_COMMA = YES;
				CLANG_WARN_CONSTANT_CONVERSION = YES;
				CLANG_WARN_DEPRECATED_OBJC_IMPLEMENTATIONS = YES;
				CLANG_WARN_DIRECT_OBJC_ISA_USAGE = YES_ERROR;
				CLANG_WARN_DOCUMENTATION_COMMENTS = YES;
				CLANG_WARN_EMPTY_BODY = YES;
				CLANG_WARN_ENUM_CONVERSION = YES;
				CLANG_WARN_INFINITE_RECURSION = YES;
				CLANG_WARN_INT_CONVERSION = YES;
				CLANG_WARN_NON_LITERAL_NULL_CONVERSION = YES;
				CLANG_WARN_OBJC_IMPLICIT_RETAIN_SELF = YES;
				CLANG_WARN_OBJC_LITERAL_CONVERSION = YES;
				CLANG_WARN_OBJC_ROOT_CLASS = YES_ERROR;
				CLANG_WARN_QUOTED_INCLUDE_IN_FRAMEWORK_HEADER = YES;
				CLANG_WARN_RANGE_LOOP_ANALYSIS = YES;
				CLANG_WARN_STRICT_PROTOTYPES = YES;
				CLANG_WARN_SUSPICIOUS_MOVE = YES;
				CLANG_WARN_UNGUARDED_AVAILABILITY = YES_AGGRESSIVE;
				CLANG_WARN_UNREACHABLE_CODE = YES;
				CLANG_WARN__DUPLICATE_METHOD_MATCH = YES;
				COPY_PHASE_STRIP = NO;
				DEBUG_INFORMATION_FORMAT = "dwarf-with-dsym";
				ENABLE_NS_ASSERTIONS = NO;
				ENABLE_STRICT_OBJC_MSGSEND = YES;
				GCC_C_LANGUAGE_STANDARD = gnu11;
				GCC_NO_COMMON_BLOCKS = YES;
				GCC_WARN_64_TO_32_BIT_CONVERSION = YES;
				GCC_WARN_ABOUT_RETURN_TYPE = YES_ERROR;
				GCC_WARN_UNDECLARED_SELECTOR = YES;
				GCC_WARN_UNINITIALIZED_AUTOS = YES_AGGRESSIVE;
				GCC_WARN_UNUSED_FUNCTION = YES;
				GCC_WARN_UNUSED_VARIABLE = YES;
				IPHONEOS_DEPLOYMENT_TARGET = 16.2;
				MTL_ENABLE_DEBUG_INFO = NO;
				MTL_FAST_MATH = YES;
				SDKROOT = iphoneos;
				SWIFT_COMPILATION_MODE = wholemodule;
				SWIFT_OPTIMIZATION_LEVEL = "-O";
				VALIDATE_PRODUCT = YES;
			};
			name = Release;
		};
		C7F3A0842A38C63B001A3D8A /* Debug */ = {
			isa = XCBuildConfiguration;
			buildSettings = {
				ASSETCATALOG_COMPILER_APPICON_NAME = AppIcon;
				ASSETCATALOG_COMPILER_GLOBAL_ACCENT_COLOR_NAME = AccentColor;
				CODE_SIGN_STYLE = Automatic;
				CURRENT_PROJECT_VERSION = 1;
				DEVELOPMENT_ASSET_PATHS = "\"AsyncAwaitExample/Preview Content\"";
				DEVELOPMENT_TEAM = 998HSZS578;
				ENABLE_PREVIEWS = YES;
				GENERATE_INFOPLIST_FILE = YES;
				INFOPLIST_KEY_UIApplicationSceneManifest_Generation = YES;
				INFOPLIST_KEY_UIApplicationSupportsIndirectInputEvents = YES;
				INFOPLIST_KEY_UILaunchScreen_Generation = YES;
				INFOPLIST_KEY_UISupportedInterfaceOrientations_iPad = "UIInterfaceOrientationPortrait UIInterfaceOrientationPortraitUpsideDown UIInterfaceOrientationLandscapeLeft UIInterfaceOrientationLandscapeRight";
				INFOPLIST_KEY_UISupportedInterfaceOrientations_iPhone = "UIInterfaceOrientationPortrait UIInterfaceOrientationLandscapeLeft UIInterfaceOrientationLandscapeRight";
				LD_RUNPATH_SEARCH_PATHS = (
					"$(inherited)",
					"@executable_path/Frameworks",
				);
				MARKETING_VERSION = 1.0;
				PRODUCT_BUNDLE_IDENTIFIER = com.estrhup.AsyncAwaitExample;
				PRODUCT_NAME = "$(TARGET_NAME)";
				SWIFT_EMIT_LOC_STRINGS = YES;
				SWIFT_VERSION = 5.0;
				TARGETED_DEVICE_FAMILY = "1,2";
			};
			name = Debug;
		};
		C7F3A0852A38C63B001A3D8A /* Release */ = {
			isa = XCBuildConfiguration;
			buildSettings = {
				ASSETCATALOG_COMPILER_APPICON_NAME = AppIcon;
				ASSETCATALOG_COMPILER_GLOBAL_ACCENT_COLOR_NAME = AccentColor;
				CODE_SIGN_STYLE = Automatic;
				CURRENT_PROJECT_VERSION = 1;
				DEVELOPMENT_ASSET_PATHS = "\"AsyncAwaitExample/Preview Content\"";
				DEVELOPMENT_TEAM = 998HSZS578;
				ENABLE_PREVIEWS = YES;
				GENERATE_INFOPLIST_FILE = YES;
				INFOPLIST_KEY_UIApplicationSceneManifest_Generation = YES;
				INFOPLIST_KEY_UIApplicationSupportsIndirectInputEvents = YES;
				INFOPLIST_KEY_UILaunchScreen_Generation = YES;
				INFOPLIST_KEY_UISupportedInterfaceOrientations_iPad = "UIInterfaceOrientationPortrait UIInterfaceOrientationPortraitUpsideDown UIInterfaceOrientationLandscapeLeft UIInterfaceOrientationLandscapeRight";
				INFOPLIST_KEY_UISupportedInterfaceOrientations_iPhone = "UIInterfaceOrientationPortrait UIInterfaceOrientationLandscapeLeft UIInterfaceOrientationLandscapeRight";
				LD_RUNPATH_SEARCH_PATHS = (
					"$(inherited)",
					"@executable_path/Frameworks",
				);
				MARKETING_VERSION = 1.0;
				PRODUCT_BUNDLE_IDENTIFIER = com.estrhup.AsyncAwaitExample;
				PRODUCT_NAME = "$(TARGET_NAME)";
				SWIFT_EMIT_LOC_STRINGS = YES;
				SWIFT_VERSION = 5.0;
				TARGETED_DEVICE_FAMILY = "1,2";
			};
			name = Release;
		};
/* End XCBuildConfiguration section */

/* Begin XCConfigurationList section */
		C7F3A0702A38C639001A3D8A /* Build configuration list for PBXProject "AsyncAwaitExample" */ = {
			isa = XCConfigurationList;
			buildConfigurations = (
				C7F3A0812A38C63B001A3D8A /* Debug */,
				C7F3A0822A38C63B001A3D8A /* Release */,
			);
			defaultConfigurationIsVisible = 0;
			defaultConfigurationName = Release;
		};
		C7F3A0832A38C63B001A3D8A /* Build configuration list for PBXNativeTarget "AsyncAwaitExample" */ = {
			isa = XCConfigurationList;
			buildConfigurations = (
				C7F3A0842A38C63B001A3D8A /* Debug */,
				C7F3A0852A38C63B001A3D8A /* Release */,
			);
			defaultConfigurationIsVisible = 0;
			defaultConfigurationName = Release;
		};
/* End XCConfigurationList section */
	};
	rootObject = C7F3A06D2A38C639001A3D8A /* Project object */;
}
